// !$*UTF8*$!
{
	archiveVersion = 1;
	classes = {
	};
	objectVersion = 46;
	objects = {

/* Begin PBXBuildFile section */
		C33781271CA41E990024C651 /* AppDelegate.swift in Sources */ = {isa = PBXBuildFile; fileRef = C33781261CA41E990024C651 /* AppDelegate.swift */; };
		C33781291CA41E990024C651 /* ViewController.swift in Sources */ = {isa = PBXBuildFile; fileRef = C33781281CA41E990024C651 /* ViewController.swift */; };
		C337812C1CA41E990024C651 /* Main.storyboard in Resources */ = {isa = PBXBuildFile; fileRef = C337812A1CA41E990024C651 /* Main.storyboard */; };
		C337812E1CA41E990024C651 /* Assets.xcassets in Resources */ = {isa = PBXBuildFile; fileRef = C337812D1CA41E990024C651 /* Assets.xcassets */; };
		C33781311CA41E990024C651 /* LaunchScreen.storyboard in Resources */ = {isa = PBXBuildFile; fileRef = C337812F1CA41E990024C651 /* LaunchScreen.storyboard */; };
		C337813C1CA41E990024C651 /* StrutsProblemTests.swift in Sources */ = {isa = PBXBuildFile; fileRef = C337813B1CA41E990024C651 /* StrutsProblemTests.swift */; };
		C33781471CA41E9A0024C651 /* StrutsProblemUITests.swift in Sources */ = {isa = PBXBuildFile; fileRef = C33781461CA41E9A0024C651 /* StrutsProblemUITests.swift */; };
/* End PBXBuildFile section */

/* Begin PBXContainerItemProxy section */
		C33781381CA41E990024C651 /* PBXContainerItemProxy */ = {
			isa = PBXContainerItemProxy;
			containerPortal = C337811B1CA41E990024C651 /* Project object */;
			proxyType = 1;
			remoteGlobalIDString = C33781221CA41E990024C651;
			remoteInfo = StrutsProblem;
		};
		C33781431CA41E990024C651 /* PBXContainerItemProxy */ = {
			isa = PBXContainerItemProxy;
			containerPortal = C337811B1CA41E990024C651 /* Project object */;
			proxyType = 1;
			remoteGlobalIDString = C33781221CA41E990024C651;
			remoteInfo = StrutsProblem;
		};
/* End PBXContainerItemProxy section */

/* Begin PBXFileReference section */
		C33781231CA41E990024C651 /* StrutsProblem.app */ = {isa = PBXFileReference; explicitFileType = wrapper.application; includeInIndex = 0; path = StrutsProblem.app; sourceTree = BUILT_PRODUCTS_DIR; };
		C33781261CA41E990024C651 /* AppDelegate.swift */ = {isa = PBXFileReference; lastKnownFileType = sourcecode.swift; path = AppDelegate.swift; sourceTree = "<group>"; };
		C33781281CA41E990024C651 /* ViewController.swift */ = {isa = PBXFileReference; lastKnownFileType = sourcecode.swift; path = ViewController.swift; sourceTree = "<group>"; };
		C337812B1CA41E990024C651 /* Base */ = {isa = PBXFileReference; lastKnownFileType = file.storyboard; name = Base; path = Base.lproj/Main.storyboard; sourceTree = "<group>"; };
		C337812D1CA41E990024C651 /* Assets.xcassets */ = {isa = PBXFileReference; lastKnownFileType = folder.assetcatalog; path = Assets.xcassets; sourceTree = "<group>"; };
		C33781301CA41E990024C651 /* Base */ = {isa = PBXFileReference; lastKnownFileType = file.storyboard; name = Base; path = Base.lproj/LaunchScreen.storyboard; sourceTree = "<group>"; };
		C33781321CA41E990024C651 /* Info.plist */ = {isa = PBXFileReference; lastKnownFileType = text.plist.xml; path = Info.plist; sourceTree = "<group>"; };
		C33781371CA41E990024C651 /* StrutsProblemTests.xctest */ = {isa = PBXFileReference; explicitFileType = wrapper.cfbundle; includeInIndex = 0; path = StrutsProblemTests.xctest; sourceTree = BUILT_PRODUCTS_DIR; };
		C337813B1CA41E990024C651 /* StrutsProblemTests.swift */ = {isa = PBXFileReference; lastKnownFileType = sourcecode.swift; path = StrutsProblemTests.swift; sourceTree = "<group>"; };
		C337813D1CA41E990024C651 /* Info.plist */ = {isa = PBXFileReference; lastKnownFileType = text.plist.xml; path = Info.plist; sourceTree = "<group>"; };
		C33781421CA41E990024C651 /* StrutsProblemUITests.xctest */ = {isa = PBXFileReference; explicitFileType = wrapper.cfbundle; includeInIndex = 0; path = StrutsProblemUITests.xctest; sourceTree = BUILT_PRODUCTS_DIR; };
		C33781461CA41E9A0024C651 /* StrutsProblemUITests.swift */ = {isa = PBXFileReference; lastKnownFileType = sourcecode.swift; path = StrutsProblemUITests.swift; sourceTree = "<group>"; };
		C33781481CA41E9A0024C651 /* Info.plist */ = {isa = PBXFileReference; lastKnownFileType = text.plist.xml; path = Info.plist; sourceTree = "<group>"; };
/* End PBXFileReference section */

/* Begin PBXFrameworksBuildPhase section */
		C33781201CA41E990024C651 /* Frameworks */ = {
			isa = PBXFrameworksBuildPhase;
			buildActionMask = 2147483647;
			files = (
			);
			runOnlyForDeploymentPostprocessing = 0;
		};
		C33781341CA41E990024C651 /* Frameworks */ = {
			isa = PBXFrameworksBuildPhase;
			buildActionMask = 2147483647;
			files = (
			);
			runOnlyForDeploymentPostprocessing = 0;
		};
		C337813F1CA41E990024C651 /* Frameworks */ = {
			isa = PBXFrameworksBuildPhase;
			buildActionMask = 2147483647;
			files = (
			);
			runOnlyForDeploymentPostprocessing = 0;
		};
/* End PBXFrameworksBuildPhase section */

/* Begin PBXGroup section */
		C337811A1CA41E990024C651 = {
			isa = PBXGroup;
			children = (
				C33781251CA41E990024C651 /* StrutsProblem */,
				C337813A1CA41E990024C651 /* StrutsProblemTests */,
				C33781451CA41E990024C651 /* StrutsProblemUITests */,
				C33781241CA41E990024C651 /* Products */,
			);
			sourceTree = "<group>";
		};
		C33781241CA41E990024C651 /* Products */ = {
			isa = PBXGroup;
			children = (
				C33781231CA41E990024C651 /* StrutsProblem.app */,
				C33781371CA41E990024C651 /* StrutsProblemTests.xctest */,
				C33781421CA41E990024C651 /* StrutsProblemUITests.xctest */,
			);
			name = Products;
			sourceTree = "<group>";
		};
		C33781251CA41E990024C651 /* StrutsProblem */ = {
			isa = PBXGroup;
			children = (
				C33781261CA41E990024C651 /* AppDelegate.swift */,
				C33781281CA41E990024C651 /* ViewController.swift */,
				C337812A1CA41E990024C651 /* Main.storyboard */,
				C337812D1CA41E990024C651 /* Assets.xcassets */,
				C337812F1CA41E990024C651 /* LaunchScreen.storyboard */,
				C33781321CA41E990024C651 /* Info.plist */,
			);
			path = StrutsProblem;
			sourceTree = "<group>";
		};
		C337813A1CA41E990024C651 /* StrutsProblemTests */ = {
			isa = PBXGroup;
			children = (
				C337813B1CA41E990024C651 /* StrutsProblemTests.swift */,
				C337813D1CA41E990024C651 /* Info.plist */,
			);
			path = StrutsProblemTests;
			sourceTree = "<group>";
		};
		C33781451CA41E990024C651 /* StrutsProblemUITests */ = {
			isa = PBXGroup;
			children = (
				C33781461CA41E9A0024C651 /* StrutsProblemUITests.swift */,
				C33781481CA41E9A0024C651 /* Info.plist */,
			);
			path = StrutsProblemUITests;
			sourceTree = "<group>";
		};
/* End PBXGroup section */

/* Begin PBXNativeTarget section */
		C33781221CA41E990024C651 /* StrutsProblem */ = {
			isa = PBXNativeTarget;
			buildConfigurationList = C337814B1CA41E9A0024C651 /* Build configuration list for PBXNativeTarget "StrutsProblem" */;
			buildPhases = (
				C337811F1CA41E990024C651 /* Sources */,
				C33781201CA41E990024C651 /* Frameworks */,
				C33781211CA41E990024C651 /* Resources */,
			);
			buildRules = (
			);
			dependencies = (
			);
			name = StrutsProblem;
			productName = StrutsProblem;
			productReference = C33781231CA41E990024C651 /* StrutsProblem.app */;
			productType = "com.apple.product-type.application";
		};
		C33781361CA41E990024C651 /* StrutsProblemTests */ = {
			isa = PBXNativeTarget;
			buildConfigurationList = C337814E1CA41E9A0024C651 /* Build configuration list for PBXNativeTarget "StrutsProblemTests" */;
			buildPhases = (
				C33781331CA41E990024C651 /* Sources */,
				C33781341CA41E990024C651 /* Frameworks */,
				C33781351CA41E990024C651 /* Resources */,
			);
			buildRules = (
			);
			dependencies = (
				C33781391CA41E990024C651 /* PBXTargetDependency */,
			);
			name = StrutsProblemTests;
			productName = StrutsProblemTests;
			productReference = C33781371CA41E990024C651 /* StrutsProblemTests.xctest */;
			productType = "com.apple.product-type.bundle.unit-test";
		};
		C33781411CA41E990024C651 /* StrutsProblemUITests */ = {
			isa = PBXNativeTarget;
			buildConfigurationList = C33781511CA41E9A0024C651 /* Build configuration list for PBXNativeTarget "StrutsProblemUITests" */;
			buildPhases = (
				C337813E1CA41E990024C651 /* Sources */,
				C337813F1CA41E990024C651 /* Frameworks */,
				C33781401CA41E990024C651 /* Resources */,
			);
			buildRules = (
			);
			dependencies = (
				C33781441CA41E990024C651 /* PBXTargetDependency */,
			);
			name = StrutsProblemUITests;
			productName = StrutsProblemUITests;
			productReference = C33781421CA41E990024C651 /* StrutsProblemUITests.xctest */;
			productType = "com.apple.product-type.bundle.ui-testing";
		};
/* End PBXNativeTarget section */

/* Begin PBXProject section */
		C337811B1CA41E990024C651 /* Project object */ = {
			isa = PBXProject;
			attributes = {
				LastSwiftUpdateCheck = 0720;
				LastUpgradeCheck = 0720;
				ORGANIZATIONNAME = "Elina Samardjieva";
				TargetAttributes = {
					C33781221CA41E990024C651 = {
						CreatedOnToolsVersion = 7.2.1;
					};
					C33781361CA41E990024C651 = {
						CreatedOnToolsVersion = 7.2.1;
						TestTargetID = C33781221CA41E990024C651;
					};
					C33781411CA41E990024C651 = {
						CreatedOnToolsVersion = 7.2.1;
						TestTargetID = C33781221CA41E990024C651;
					};
				};
			};
			buildConfigurationList = C337811E1CA41E990024C651 /* Build configuration list for PBXProject "StrutsProblem" */;
			compatibilityVersion = "Xcode 3.2";
			developmentRegion = English;
			hasScannedForEncodings = 0;
			knownRegions = (
				en,
				Base,
			);
			mainGroup = C337811A1CA41E990024C651;
			productRefGroup = C33781241CA41E990024C651 /* Products */;
			projectDirPath = "";
			projectRoot = "";
			targets = (
				C33781221CA41E990024C651 /* StrutsProblem */,
				C33781361CA41E990024C651 /* StrutsProblemTests */,
				C33781411CA41E990024C651 /* StrutsProblemUITests */,
			);
		};
/* End PBXProject section */

/* Begin PBXResourcesBuildPhase section */
		C33781211CA41E990024C651 /* Resources */ = {
			isa = PBXResourcesBuildPhase;
			buildActionMask = 2147483647;
			files = (
				C33781311CA41E990024C651 /* LaunchScreen.storyboard in Resources */,
				C337812E1CA41E990024C651 /* Assets.xcassets in Resources */,
				C337812C1CA41E990024C651 /* Main.storyboard in Resources */,
			);
			runOnlyForDeploymentPostprocessing = 0;
		};
		C33781351CA41E990024C651 /* Resources */ = {
			isa = PBXResourcesBuildPhase;
			buildActionMask = 2147483647;
			files = (
			);
			runOnlyForDeploymentPostprocessing = 0;
		};
		C33781401CA41E990024C651 /* Resources */ = {
			isa = PBXResourcesBuildPhase;
			buildActionMask = 2147483647;
			files = (
			);
			runOnlyForDeploymentPostprocessing = 0;
		};
/* End PBXResourcesBuildPhase section */

/* Begin PBXSourcesBuildPhase section */
		C337811F1CA41E990024C651 /* Sources */ = {
			isa = PBXSourcesBuildPhase;
			buildActionMask = 2147483647;
			files = (
				C33781291CA41E990024C651 /* ViewController.swift in Sources */,
				C33781271CA41E990024C651 /* AppDelegate.swift in Sources */,
			);
			runOnlyForDeploymentPostprocessing = 0;
		};
		C33781331CA41E990024C651 /* Sources */ = {
			isa = PBXSourcesBuildPhase;
			buildActionMask = 2147483647;
			files = (
				C337813C1CA41E990024C651 /* StrutsProblemTests.swift in Sources */,
			);
			runOnlyForDeploymentPostprocessing = 0;
		};
		C337813E1CA41E990024C651 /* Sources */ = {
			isa = PBXSourcesBuildPhase;
			buildActionMask = 2147483647;
			files = (
				C33781471CA41E9A0024C651 /* StrutsProblemUITests.swift in Sources */,
			);
			runOnlyForDeploymentPostprocessing = 0;
		};
/* End PBXSourcesBuildPhase section */

/* Begin PBXTargetDependency section */
		C33781391CA41E990024C651 /* PBXTargetDependency */ = {
			isa = PBXTargetDependency;
			target = C33781221CA41E990024C651 /* StrutsProblem */;
			targetProxy = C33781381CA41E990024C651 /* PBXContainerItemProxy */;
		};
		C33781441CA41E990024C651 /* PBXTargetDependency */ = {
			isa = PBXTargetDependency;
			target = C33781221CA41E990024C651 /* StrutsProblem */;
			targetProxy = C33781431CA41E990024C651 /* PBXContainerItemProxy */;
		};
/* End PBXTargetDependency section */

/* Begin PBXVariantGroup section */
		C337812A1CA41E990024C651 /* Main.storyboard */ = {
			isa = PBXVariantGroup;
			children = (
				C337812B1CA41E990024C651 /* Base */,
			);
			name = Main.storyboard;
			sourceTree = "<group>";
		};
		C337812F1CA41E990024C651 /* LaunchScreen.storyboard */ = {
			isa = PBXVariantGroup;
			children = (
				C33781301CA41E990024C651 /* Base */,
			);
			name = LaunchScreen.storyboard;
			sourceTree = "<group>";
		};
/* End PBXVariantGroup section */

/* Begin XCBuildConfiguration section */
		C33781491CA41E9A0024C651 /* Debug */ = {
			isa = XCBuildConfiguration;
			buildSettings = {
				ALWAYS_SEARCH_USER_PATHS = NO;
				CLANG_CXX_LANGUAGE_STANDARD = "gnu++0x";
				CLANG_CXX_LIBRARY = "libc++";
				CLANG_ENABLE_MODULES = YES;
				CLANG_ENABLE_OBJC_ARC = YES;
				CLANG_WARN_BOOL_CONVERSION = YES;
				CLANG_WARN_CONSTANT_CONVERSION = YES;
				CLANG_WARN_DIRECT_OBJC_ISA_USAGE = YES_ERROR;
				CLANG_WARN_EMPTY_BODY = YES;
				CLANG_WARN_ENUM_CONVERSION = YES;
				CLANG_WARN_INT_CONVERSION = YES;
				CLANG_WARN_OBJC_ROOT_CLASS = YES_ERROR;
				CLANG_WARN_UNREACHABLE_CODE = YES;
				CLANG_WARN__DUPLICATE_METHOD_MATCH = YES;
				"CODE_SIGN_IDENTITY[sdk=iphoneos*]" = "iPhone Developer";
				COPY_PHASE_STRIP = NO;
				DEBUG_INFORMATION_FORMAT = dwarf;
				ENABLE_STRICT_OBJC_MSGSEND = YES;
				ENABLE_TESTABILITY = YES;
				GCC_C_LANGUAGE_STANDARD = gnu99;
				GCC_DYNAMIC_NO_PIC = NO;
				GCC_NO_COMMON_BLOCKS = YES;
				GCC_OPTIMIZATION_LEVEL = 0;
				GCC_PREPROCESSOR_DEFINITIONS = (
					"DEBUG=1",
					"$(inherited)",
				);
				GCC_WARN_64_TO_32_BIT_CONVERSION = YES;
				GCC_WARN_ABOUT_RETURN_TYPE = YES_ERROR;
				GCC_WARN_UNDECLARED_SELECTOR = YES;
				GCC_WARN_UNINITIALIZED_AUTOS = YES_AGGRESSIVE;
				GCC_WARN_UNUSED_FUNCTION = YES;
				GCC_WARN_UNUSED_VARIABLE = YES;
				IPHONEOS_DEPLOYMENT_TARGET = 9.2;
				MTL_ENABLE_DEBUG_INFO = YES;
				ONLY_ACTIVE_ARCH = YES;
				SDKROOT = iphoneos;
				SWIFT_OPTIMIZATION_LEVEL = "-Onone";
				TARGETED_DEVICE_FAMILY = "1,2";
			};
			name = Debug;
		};
		C337814A1CA41E9A0024C651 /* Release */ = {
			isa = XCBuildConfiguration;
			buildSettings = {
				ALWAYS_SEARCH_USER_PATHS = NO;
				CLANG_CXX_LANGUAGE_STANDARD = "gnu++0x";
				CLANG_CXX_LIBRARY = "libc++";
				CLANG_ENABLE_MODULES = YES;
				CLANG_ENABLE_OBJC_ARC = YES;
				CLANG_WARN_BOOL_CONVERSION = YES;
				CLANG_WARN_CONSTANT_CONVERSION = YES;
				CLANG_WARN_DIRECT_OBJC_ISA_USAGE = YES_ERROR;
				CLANG_WARN_EMPTY_BODY = YES;
				CLANG_WARN_ENUM_CONVERSION = YES;
				CLANG_WARN_INT_CONVERSION = YES;
				CLANG_WARN_OBJC_ROOT_CLASS = YES_ERROR;
				CLANG_WARN_UNREACHABLE_CODE = YES;
				CLANG_WARN__DUPLICATE_METHOD_MATCH = YES;
				"CODE_SIGN_IDENTITY[sdk=iphoneos*]" = "iPhone Developer";
				COPY_PHASE_STRIP = NO;
				DEBUG_INFORMATION_FORMAT = "dwarf-with-dsym";
				ENABLE_NS_ASSERTIONS = NO;
				ENABLE_STRICT_OBJC_MSGSEND = YES;
				GCC_C_LANGUAGE_STANDARD = gnu99;
				GCC_NO_COMMON_BLOCKS = YES;
				GCC_WARN_64_TO_32_BIT_CONVERSION = YES;
				GCC_WARN_ABOUT_RETURN_TYPE = YES_ERROR;
				GCC_WARN_UNDECLARED_SELECTOR = YES;
				GCC_WARN_UNINITIALIZED_AUTOS = YES_AGGRESSIVE;
				GCC_WARN_UNUSED_FUNCTION = YES;
				GCC_WARN_UNUSED_VARIABLE = YES;
				IPHONEOS_DEPLOYMENT_TARGET = 9.2;
				MTL_ENABLE_DEBUG_INFO = NO;
				SDKROOT = iphoneos;
				TARGETED_DEVICE_FAMILY = "1,2";
				VALIDATE_PRODUCT = YES;
			};
			name = Release;
		};
		C337814C1CA41E9A0024C651 /* Debug */ = {
			isa = XCBuildConfiguration;
			buildSettings = {
				ASSETCATALOG_COMPILER_APPICON_NAME = AppIcon;
				INFOPLIST_FILE = StrutsProblem/Info.plist;
				LD_RUNPATH_SEARCH_PATHS = "$(inherited) @executable_path/Frameworks";
				PRODUCT_BUNDLE_IDENTIFIER = None.StrutsProblem;
				PRODUCT_NAME = "$(TARGET_NAME)";
			};
			name = Debug;
		};
		C337814D1CA41E9A0024C651 /* Release */ = {
			isa = XCBuildConfiguration;
			buildSettings = {
				ASSETCATALOG_COMPILER_APPICON_NAME = AppIcon;
				INFOPLIST_FILE = StrutsProblem/Info.plist;
				LD_RUNPATH_SEARCH_PATHS = "$(inherited) @executable_path/Frameworks";
				PRODUCT_BUNDLE_IDENTIFIER = None.StrutsProblem;
				PRODUCT_NAME = "$(TARGET_NAME)";
			};
			name = Release;
		};
		C337814F1CA41E9A0024C651 /* Debug */ = {
			isa = XCBuildConfiguration;
			buildSettings = {
				BUNDLE_LOADER = "$(TEST_HOST)";
				INFOPLIST_FILE = StrutsProblemTests/Info.plist;
				LD_RUNPATH_SEARCH_PATHS = "$(inherited) @executable_path/Frameworks @loader_path/Frameworks";
				PRODUCT_BUNDLE_IDENTIFIER = None.StrutsProblemTests;
				PRODUCT_NAME = "$(TARGET_NAME)";
				TEST_HOST = "$(BUILT_PRODUCTS_DIR)/StrutsProblem.app/StrutsProblem";
			};
			name = Debug;
		};
		C33781501CA41E9A0024C651 /* Release */ = {
			isa = XCBuildConfiguration;
			buildSettings = {
				BUNDLE_LOADER = "$(TEST_HOST)";
				INFOPLIST_FILE = StrutsProblemTests/Info.plist;
				LD_RUNPATH_SEARCH_PATHS = "$(inherited) @executable_path/Frameworks @loader_path/Frameworks";
				PRODUCT_BUNDLE_IDENTIFIER = None.StrutsProblemTests;
				PRODUCT_NAME = "$(TARGET_NAME)";
				TEST_HOST = "$(BUILT_PRODUCTS_DIR)/StrutsProblem.app/StrutsProblem";
			};
			name = Release;
		};
		C33781521CA41E9A0024C651 /* Debug */ = {
			isa = XCBuildConfiguration;
			buildSettings = {
				INFOPLIST_FILE = StrutsProblemUITests/Info.plist;
				LD_RUNPATH_SEARCH_PATHS = "$(inherited) @executable_path/Frameworks @loader_path/Frameworks";
				PRODUCT_BUNDLE_IDENTIFIER = None.StrutsProblemUITests;
				PRODUCT_NAME = "$(TARGET_NAME)";
				TEST_TARGET_NAME = StrutsProblem;
				USES_XCTRUNNER = YES;
			};
			name = Debug;
		};
		C33781531CA41E9A0024C651 /* Release */ = {
			isa = XCBuildConfiguration;
			buildSettings = {
				INFOPLIST_FILE = StrutsProblemUITests/Info.plist;
				LD_RUNPATH_SEARCH_PATHS = "$(inherited) @executable_path/Frameworks @loader_path/Frameworks";
				PRODUCT_BUNDLE_IDENTIFIER = None.StrutsProblemUITests;
				PRODUCT_NAME = "$(TARGET_NAME)";
				TEST_TARGET_NAME = StrutsProblem;
				USES_XCTRUNNER = YES;
			};
			name = Release;
		};
/* End XCBuildConfiguration section */

/* Begin XCConfigurationList section */
		C337811E1CA41E990024C651 /* Build configuration list for PBXProject "StrutsProblem" */ = {
			isa = XCConfigurationList;
			buildConfigurations = (
				C33781491CA41E9A0024C651 /* Debug */,
				C337814A1CA41E9A0024C651 /* Release */,
			);
			defaultConfigurationIsVisible = 0;
			defaultConfigurationName = Release;
		};
		C337814B1CA41E9A0024C651 /* Build configuration list for PBXNativeTarget "StrutsProblem" */ = {
			isa = XCConfigurationList;
			buildConfigurations = (
				C337814C1CA41E9A0024C651 /* Debug */,
				C337814D1CA41E9A0024C651 /* Release */,
			);
			defaultConfigurationIsVisible = 0;
		};
		C337814E1CA41E9A0024C651 /* Build configuration list for PBXNativeTarget "StrutsProblemTests" */ = {
			isa = XCConfigurationList;
			buildConfigurations = (
				C337814F1CA41E9A0024C651 /* Debug */,
				C33781501CA41E9A0024C651 /* Release */,
			);
			defaultConfigurationIsVisible = 0;
		};
		C33781511CA41E9A0024C651 /* Build configuration list for PBXNativeTarget "StrutsProblemUITests" */ = {
			isa = XCConfigurationList;
			buildConfigurations = (
				C33781521CA41E9A0024C651 /* Debug */,
				C33781531CA41E9A0024C651 /* Release */,
			);
			defaultConfigurationIsVisible = 0;
		};
/* End XCConfigurationList section */
	};
	rootObject = C337811B1CA41E990024C651 /* Project object */;
}
